
Microsoft Visual Studio Solution File, Format Version 12.00
# Visual Studio Version 16
VisualStudioVersion = 16.0.31410.357
MinimumVisualStudioVersion = 10.0.40219.1
Project("{FAE04EC0-301F-11D3-BF4B-00C04F79EFBC}") = "PrjVendas", "PrjVendas\PrjVendas.csproj", "{F25AA22A-8E11-4831-80B3-307B1650743A}"
EndProject
Global
	GlobalSection(SolutionConfigurationPlatforms) = preSolution
		Debug|Any CPU = Debug|Any CPU
		Release|Any CPU = Release|Any CPU
	EndGlobalSection
	GlobalSection(ProjectConfigurationPlatforms) = postSolution
		{F25AA22A-8E11-4831-80B3-307B1650743A}.Debug|Any CPU.ActiveCfg = Debug|Any CPU
		{F25AA22A-8E11-4831-80B3-307B1650743A}.Debug|Any CPU.Build.0 = Debug|Any CPU
		{F25AA22A-8E11-4831-80B3-307B1650743A}.Release|Any CPU.ActiveCfg = Release|Any CPU
		{F25AA22A-8E11-4831-80B3-307B1650743A}.Release|Any CPU.Build.0 = Release|Any CPU
	EndGlobalSection
	GlobalSection(SolutionProperties) = preSolution
		HideSolutionNode = FALSE
	EndGlobalSection
	GlobalSection(ExtensibilityGlobals) = postSolution
		SolutionGuid = {3976A4DA-CE2B-45BA-A1D7-83B41BDE1669}
	EndGlobalSection
EndGlobal
